<?xml version="1.0" encoding="utf-8"?>
<Project ToolsVersion="4.0" xmlns="http://schemas.microsoft.com/developer/msbuild/2003">
  <ItemGroup>
    <Filter Include="Source Files">
      <UniqueIdentifier>{4FC737F1-C7A5-4376-A066-2A32D752A2FF}</UniqueIdentifier>
      <Extensions>cpp;c;cc;cxx;def;odl;idl;hpj;bat;asm;asmx</Extensions>
    </Filter>
    <Filter Include="Header Files">
      <UniqueIdentifier>{93995380-89BD-4b04-88EB-625FBE52EBFB}</UniqueIdentifier>
      <Extensions>h;hh;hpp;hxx;hm;inl;inc;xsd</Extensions>
    </Filter>
    <Filter Include="Resource Files">
      <UniqueIdentifier>{67DA6AB6-F800-4c08-8B7A-83BB121AAD01}</UniqueIdentifier>
      <Extensions>rc;ico;cur;bmp;dlg;rc2;rct;bin;rgs;gif;jpg;jpeg;jpe;resx;tiff;tif;png;wav;mfcribbon-ms</Extensions>
    </Filter>
    <Filter Include="Misc">
      <UniqueIdentifier>{bc069b11-0f59-434b-8fa0-df6c1198073a}</UniqueIdentifier>
    </Filter>
  </ItemGroup>
  <ItemGroup>
    <ClCompile Include="DisplayEngUnitFunctions.cpp">
      <Filter>Source Files</Filter>
    </ClCompile>
    <ClCompile Include="MFDPersist.cpp">
      <Filter>Source Files</Filter>
    </ClCompile>
    <ClCompile Include="ParseFunctions.cpp">
      <Filter>Source Files</Filter>
    </ClCompile>
    <ClCompile Include="ScramAttitude.cpp">
      <Filter>Source Files</Filter>
    </ClCompile>
    <ClCompile Include="ScramAttitude_ButtonHandling.cpp">
      <Filter>Source Files</Filter>
    </ClCompile>
    <ClCompile Include="ScramAttitude_Buttons.cpp">
      <Filter>Source Files</Filter>
    </ClCompile>
    <ClCompile Include="ScramAttitude_GCore.cpp">
      <Filter>Source Files</Filter>
    </ClCompile>
    <ClCompile Include="ScramAttitude_Interface.cpp">
      <Filter>Source Files</Filter>
    </ClCompile>
    <ClCompile Include="ScramAttitude_LCore.cpp">
      <Filter>Source Files</Filter>
    </ClCompile>
    <ClCompile Include="ScramAttitude_MFDUpdate.cpp">
      <Filter>Source Files</Filter>
    </ClCompile>
    <ClCompile Include="ScramAttitude_SketchpadFunctions.cpp">
      <Filter>Source Files</Filter>
    </ClCompile>
    <ClCompile Include="ScramAttitude_VCore.cpp">
      <Filter>Source Files</Filter>
    </ClCompile>
  </ItemGroup>
  <ItemGroup>
    <ClInclude Include="DisplayEngUnitFunctions.h">
      <Filter>Header Files</Filter>
    </ClInclude>
    <ClInclude Include="MFDButtonPage.hpp">
      <Filter>Header Files</Filter>
    </ClInclude>
    <ClInclude Include="MFDPersist.hpp">
      <Filter>Header Files</Filter>
    </ClInclude>
    <ClInclude Include="ParseFunctions.h">
      <Filter>Header Files</Filter>
    </ClInclude>
    <ClInclude Include="ScramAttitude.hpp">
      <Filter>Header Files</Filter>
    </ClInclude>
    <ClInclude Include="ScramAttitude_Buttons.hpp">
      <Filter>Header Files</Filter>
    </ClInclude>
    <ClInclude Include="ScramAttitude_GCore.hpp">
      <Filter>Header Files</Filter>
    </ClInclude>
    <ClInclude Include="ScramAttitude_Interface.hpp">
      <Filter>Header Files</Filter>
    </ClInclude>
    <ClInclude Include="ScramAttitude_LCore.hpp">
      <Filter>Header Files</Filter>
    </ClInclude>
    <ClInclude Include="ScramAttitude_VCore.hpp">
      <Filter>Header Files</Filter>
    </ClInclude>
  </ItemGroup>
  <ItemGroup>
    <None Include="A_Fuzzy_Logic_Supervisor_for_PD_Control_of_Unknown_Systems.pdf">
      <Filter>Misc</Filter>
    </None>
    <None Include="ScramAttitude.pdf">
      <Filter>Misc</Filter>
    </None>
    <None Include="ScramAttitude.docx">
      <Filter>Misc</Filter>
    </None>
    <None Include=".gitignore">
      <Filter>Misc</Filter>
    </None>
    <None Include="..\README.md">
      <Filter>Misc</Filter>
    </None>
  </ItemGroup>
  <ItemGroup>
    <Text Include="gpl-3_0.txt">
      <Filter>Misc</Filter>
    </Text>
  </ItemGroup>
</Project>